
Microsoft Visual Studio Solution File, Format Version 12.00
# Visual Studio Version 17
VisualStudioVersion = 17.12.35521.163 d17.12
MinimumVisualStudioVersion = 10.0.40219.1
Project("{FAE04EC0-301F-11D3-BF4B-00C04F79EFBC}") = "COMP3951_Lab2_MarkWill", "COMP3951_Lab2_MarkWill.csproj", "{AE04FAC5-6146-45AA-9AAD-46410F9D8463}"
EndProject
Global
	GlobalSection(SolutionConfigurationPlatforms) = preSolution
		Debug|Any CPU = Debug|Any CPU
		Release|Any CPU = Release|Any CPU
	EndGlobalSection
	GlobalSection(ProjectConfigurationPlatforms) = postSolution
		{AE04FAC5-6146-45AA-9AAD-46410F9D8463}.Debug|Any CPU.ActiveCfg = Debug|Any CPU
		{AE04FAC5-6146-45AA-9AAD-46410F9D8463}.Debug|Any CPU.Build.0 = Debug|Any CPU
		{AE04FAC5-6146-45AA-9AAD-46410F9D8463}.Release|Any CPU.ActiveCfg = Release|Any CPU
		{AE04FAC5-6146-45AA-9AAD-46410F9D8463}.Release|Any CPU.Build.0 = Release|Any CPU
	EndGlobalSection
	GlobalSection(SolutionProperties) = preSolution
		HideSolutionNode = FALSE
	EndGlobalSection
EndGlobal
